
Microsoft Visual Studio Solution File, Format Version 12.00
# Visual Studio 15
VisualStudioVersion = 15.0.26430.14
MinimumVisualStudioVersion = 10.0.40219.1
Project("{FAE04EC0-301F-11D3-BF4B-00C04F79EFBC}") = "Customer.Api", "Customer.Api\Customer.Api.csproj", "{777CDF67-8B19-4029-8DA6-A840D53F4203}"
EndProject
Project("{FAE04EC0-301F-11D3-BF4B-00C04F79EFBC}") = "Customer.Api.Models", "Customer.Api.Models\Customer.Api.Models.csproj", "{C896F546-654F-489B-97FB-ACB6FDADF6C8}"
EndProject
Project("{FAE04EC0-301F-11D3-BF4B-00C04F79EFBC}") = "Customer.Common", "Customer.Common\Customer.Common.csproj", "{D2C1434E-026C-4254-80C6-3E4B56187268}"
EndProject
Project("{FAE04EC0-301F-11D3-BF4B-00C04F79EFBC}") = "Customer.Domain", "Customer.Domain\Customer.Domain.csproj", "{2C9E0541-4638-4BC3-A3EB-EEE7F9A02AE2}"
EndProject
Project("{FAE04EC0-301F-11D3-BF4B-00C04F79EFBC}") = "Customer.Tests", "Customer.Tests\Customer.Tests.csproj", "{EFC3C3F8-53DD-4C22-A168-52C3B3F102FC}"
EndProject
Global
	GlobalSection(SolutionConfigurationPlatforms) = preSolution
		Debug|Any CPU = Debug|Any CPU
		Release|Any CPU = Release|Any CPU
	EndGlobalSection
	GlobalSection(ProjectConfigurationPlatforms) = postSolution
		{777CDF67-8B19-4029-8DA6-A840D53F4203}.Debug|Any CPU.ActiveCfg = Debug|Any CPU
		{777CDF67-8B19-4029-8DA6-A840D53F4203}.Debug|Any CPU.Build.0 = Debug|Any CPU
		{777CDF67-8B19-4029-8DA6-A840D53F4203}.Release|Any CPU.ActiveCfg = Release|Any CPU
		{777CDF67-8B19-4029-8DA6-A840D53F4203}.Release|Any CPU.Build.0 = Release|Any CPU
		{C896F546-654F-489B-97FB-ACB6FDADF6C8}.Debug|Any CPU.ActiveCfg = Debug|Any CPU
		{C896F546-654F-489B-97FB-ACB6FDADF6C8}.Debug|Any CPU.Build.0 = Debug|Any CPU
		{C896F546-654F-489B-97FB-ACB6FDADF6C8}.Release|Any CPU.ActiveCfg = Release|Any CPU
		{C896F546-654F-489B-97FB-ACB6FDADF6C8}.Release|Any CPU.Build.0 = Release|Any CPU
		{D2C1434E-026C-4254-80C6-3E4B56187268}.Debug|Any CPU.ActiveCfg = Debug|Any CPU
		{D2C1434E-026C-4254-80C6-3E4B56187268}.Debug|Any CPU.Build.0 = Debug|Any CPU
		{D2C1434E-026C-4254-80C6-3E4B56187268}.Release|Any CPU.ActiveCfg = Release|Any CPU
		{D2C1434E-026C-4254-80C6-3E4B56187268}.Release|Any CPU.Build.0 = Release|Any CPU
		{2C9E0541-4638-4BC3-A3EB-EEE7F9A02AE2}.Debug|Any CPU.ActiveCfg = Debug|Any CPU
		{2C9E0541-4638-4BC3-A3EB-EEE7F9A02AE2}.Debug|Any CPU.Build.0 = Debug|Any CPU
		{2C9E0541-4638-4BC3-A3EB-EEE7F9A02AE2}.Release|Any CPU.ActiveCfg = Release|Any CPU
		{2C9E0541-4638-4BC3-A3EB-EEE7F9A02AE2}.Release|Any CPU.Build.0 = Release|Any CPU
		{EFC3C3F8-53DD-4C22-A168-52C3B3F102FC}.Debug|Any CPU.ActiveCfg = Debug|Any CPU
		{EFC3C3F8-53DD-4C22-A168-52C3B3F102FC}.Debug|Any CPU.Build.0 = Debug|Any CPU
		{EFC3C3F8-53DD-4C22-A168-52C3B3F102FC}.Release|Any CPU.ActiveCfg = Release|Any CPU
		{EFC3C3F8-53DD-4C22-A168-52C3B3F102FC}.Release|Any CPU.Build.0 = Release|Any CPU
	EndGlobalSection
	GlobalSection(SolutionProperties) = preSolution
		HideSolutionNode = FALSE
	EndGlobalSection
EndGlobal
